
Microsoft Visual Studio Solution File, Format Version 12.00
# Visual Studio Version 17
VisualStudioVersion = 17.7.34031.279
MinimumVisualStudioVersion = 10.0.40219.1
Project("{FAE04EC0-301F-11D3-BF4B-00C04F79EFBC}") = "gittest", "gittest.csproj", "{D9211036-B87D-412D-9F7A-196BDE7729FD}"
EndProject
Global
	GlobalSection(SolutionConfigurationPlatforms) = preSolution
		Debug|Any CPU = Debug|Any CPU
		Release|Any CPU = Release|Any CPU
	EndGlobalSection
	GlobalSection(ProjectConfigurationPlatforms) = postSolution
		{D9211036-B87D-412D-9F7A-196BDE7729FD}.Debug|Any CPU.ActiveCfg = Debug|Any CPU
		{D9211036-B87D-412D-9F7A-196BDE7729FD}.Debug|Any CPU.Build.0 = Debug|Any CPU
		{D9211036-B87D-412D-9F7A-196BDE7729FD}.Release|Any CPU.ActiveCfg = Release|Any CPU
		{D9211036-B87D-412D-9F7A-196BDE7729FD}.Release|Any CPU.Build.0 = Release|Any CPU
	EndGlobalSection
	GlobalSection(SolutionProperties) = preSolution
		HideSolutionNode = FALSE
	EndGlobalSection
	GlobalSection(ExtensibilityGlobals) = postSolution
		SolutionGuid = {640EF0F8-CC3E-4594-808B-8E17197A6056}
	EndGlobalSection
EndGlobal
